<?xml version="1.0" encoding="utf-8"?>
<Project ToolsVersion="4.0" xmlns="http://schemas.microsoft.com/developer/msbuild/2003">
  <ItemGroup>
    <Filter Include="crypto">
      <UniqueIdentifier>{f1ec74f1-f179-49f6-b812-1919cdc5992a}</UniqueIdentifier>
    </Filter>
    <Filter Include="crypto\modes">
      <UniqueIdentifier>{4f1eb29b-08fd-40f6-bf32-35527b6469d1}</UniqueIdentifier>
    </Filter>
    <Filter Include="crypto\bn">
      <UniqueIdentifier>{9af6924e-639c-43eb-bbdc-0197ea8e540c}</UniqueIdentifier>
    </Filter>
    <Filter Include="crypto\rsa">
      <UniqueIdentifier>{a596620d-5b31-44a4-a05e-07d9ee6c79af}</UniqueIdentifier>
    </Filter>
    <Filter Include="crypto\dsa">
      <UniqueIdentifier>{cf47329b-ff48-4a64-8038-649a758d5c36}</UniqueIdentifier>
    </Filter>
    <Filter Include="crypto\dso">
      <UniqueIdentifier>{cbf7105b-3f56-4d66-9e1d-193e94f772dc}</UniqueIdentifier>
    </Filter>
    <Filter Include="crypto\dh">
      <UniqueIdentifier>{35f1c237-dab1-4d01-9685-1c5ec9fcd51e}</UniqueIdentifier>
    </Filter>
    <Filter Include="crypto\ec">
      <UniqueIdentifier>{51e7229e-9810-4f89-bd8b-ce67b62c6bf3}</UniqueIdentifier>
    </Filter>
    <Filter Include="crypto\ecdh">
      <UniqueIdentifier>{cf750152-07a6-4fc0-8b8f-96d3b00a1cce}</UniqueIdentifier>
    </Filter>
    <Filter Include="crypto\ecdsa">
      <UniqueIdentifier>{5caf55a6-3997-4a7b-801c-a7bc917b0e2d}</UniqueIdentifier>
    </Filter>
    <Filter Include="crypto\buffer">
      <UniqueIdentifier>{7269a422-852d-4c10-bc03-1a08a596511c}</UniqueIdentifier>
    </Filter>
    <Filter Include="crypto\bio">
      <UniqueIdentifier>{8d3470c9-0b4a-41be-9b59-d8eb6be8f80b}</UniqueIdentifier>
    </Filter>
    <Filter Include="crypto\stack">
      <UniqueIdentifier>{49574197-8e9a-4090-b58d-fbe153fd5d75}</UniqueIdentifier>
    </Filter>
    <Filter Include="crypto\lhash">
      <UniqueIdentifier>{25a5e377-3b7a-4cb7-a540-dd5e2c5bb466}</UniqueIdentifier>
    </Filter>
    <Filter Include="crypto\rand">
      <UniqueIdentifier>{6738a31a-f793-4605-8860-820440d5bd9d}</UniqueIdentifier>
    </Filter>
    <Filter Include="crypto\err">
      <UniqueIdentifier>{8c63a6d0-b1ab-495b-886b-3a085872df30}</UniqueIdentifier>
    </Filter>
    <Filter Include="crypto\objects">
      <UniqueIdentifier>{65a79cac-4fbb-466d-9ce3-1ddcf3ba10f0}</UniqueIdentifier>
    </Filter>
    <Filter Include="crypto\evp">
      <UniqueIdentifier>{a310f14b-7f30-43eb-a579-9fcb0e2b1e29}</UniqueIdentifier>
    </Filter>
    <Filter Include="crypto\asn1">
      <UniqueIdentifier>{258c2362-22f9-410d-adc4-333a82ade968}</UniqueIdentifier>
    </Filter>
    <Filter Include="crypto\pem">
      <UniqueIdentifier>{83744d6e-8b84-48b6-8b25-4d1df70c4bec}</UniqueIdentifier>
    </Filter>
    <Filter Include="crypto\x509">
      <UniqueIdentifier>{52d2fb50-4cdc-4433-a881-38177ba87202}</UniqueIdentifier>
    </Filter>
    <Filter Include="crypto\x509v3">
      <UniqueIdentifier>{f7b3c633-74ea-4770-8862-16c13c42521f}</UniqueIdentifier>
    </Filter>
    <Filter Include="crypto\cms">
      <UniqueIdentifier>{57363340-392e-46ff-bfa7-cecae133fb8c}</UniqueIdentifier>
    </Filter>
    <Filter Include="crypto\conf">
      <UniqueIdentifier>{0ea0650f-74db-4a6b-b359-130b6996ee91}</UniqueIdentifier>
    </Filter>
    <Filter Include="crypto\txt_db">
      <UniqueIdentifier>{d6ad79b8-8b61-4621-ba0c-549fc33832a3}</UniqueIdentifier>
    </Filter>
    <Filter Include="crypto\pkcs7">
      <UniqueIdentifier>{c5aa8bcd-ad7a-4830-a303-385a0cb1cdfb}</UniqueIdentifier>
    </Filter>
    <Filter Include="crypto\pkcs12">
      <UniqueIdentifier>{958385d2-28f5-46f3-8c54-d7c4ca05c0f8}</UniqueIdentifier>
    </Filter>
    <Filter Include="crypto\comp">
      <UniqueIdentifier>{c519e65a-2185-4aa9-a0a7-200899284f19}</UniqueIdentifier>
    </Filter>
    <Filter Include="crypto\engine">
      <UniqueIdentifier>{3f20a322-138a-4052-b867-1410ea51ee88}</UniqueIdentifier>
    </Filter>
    <Filter Include="crypto\ocsp">
      <UniqueIdentifier>{72ee8b8d-8b04-421d-b8e6-3a2e9fb03765}</UniqueIdentifier>
    </Filter>
    <Filter Include="crypto\ui">
      <UniqueIdentifier>{f009fc33-d15c-4a22-8b06-4daa5fabc0db}</UniqueIdentifier>
    </Filter>
    <Filter Include="crypto\krb5">
      <UniqueIdentifier>{fbc357ed-8aaa-4f8f-a813-95bef1e24290}</UniqueIdentifier>
    </Filter>
    <Filter Include="crypto\pqueue">
      <UniqueIdentifier>{258e0bb8-80ca-4d99-a659-43baa13484bc}</UniqueIdentifier>
    </Filter>
    <Filter Include="crypto\whrlpool">
      <UniqueIdentifier>{84cb1f58-6288-4d03-b71c-a97446863a5c}</UniqueIdentifier>
    </Filter>
    <Filter Include="crypto\ts">
      <UniqueIdentifier>{5644a23e-00d5-45e9-9e44-178fccab25aa}</UniqueIdentifier>
    </Filter>
    <Filter Include="crypto\srp">
      <UniqueIdentifier>{c43e6d30-8967-4544-a281-74ff0aeb4004}</UniqueIdentifier>
    </Filter>
    <Filter Include="crypto\sha">
      <UniqueIdentifier>{d591705f-677e-46cb-b53e-1f9f90ed271f}</UniqueIdentifier>
    </Filter>
    <Filter Include="crypto\hmac">
      <UniqueIdentifier>{7833a8bb-0a42-4e29-aa44-ce4931823643}</UniqueIdentifier>
    </Filter>
    <Filter Include="crypto\cmac">
      <UniqueIdentifier>{e39b8c05-353f-4775-97d0-31f4ddc6e723}</UniqueIdentifier>
    </Filter>
    <Filter Include="crypto\md5">
      <UniqueIdentifier>{144842c2-a53f-49ac-bf50-5a34ec5824c3}</UniqueIdentifier>
    </Filter>
    <Filter Include="crypto\des">
      <UniqueIdentifier>{f88eaba3-d130-41c9-abae-cc613a14e2b7}</UniqueIdentifier>
    </Filter>
    <Filter Include="crypto\rc4">
      <UniqueIdentifier>{c553a141-0757-4386-960d-6ca5fe91d60a}</UniqueIdentifier>
    </Filter>
    <Filter Include="crypto\idea">
      <UniqueIdentifier>{dcb10017-ca02-451c-ae09-5cd292b42894}</UniqueIdentifier>
    </Filter>
    <Filter Include="crypto\rc2">
      <UniqueIdentifier>{9714836e-0663-49e8-921b-b124d70d6101}</UniqueIdentifier>
    </Filter>
    <Filter Include="crypto\aes">
      <UniqueIdentifier>{505c75dc-31a7-40f9-80fb-810056b2bec2}</UniqueIdentifier>
    </Filter>
    <Filter Include="crypto\camellia">
      <UniqueIdentifier>{106207f7-9a3a-46a1-b807-ce23e9c947d0}</UniqueIdentifier>
    </Filter>
    <Filter Include="crypto\seed">
      <UniqueIdentifier>{24bf4022-5e08-4701-a8f9-a6cbf5f03585}</UniqueIdentifier>
    </Filter>
    <Filter Include="crypto\bf">
      <UniqueIdentifier>{14a94fef-ed64-4860-928d-0fefdfb1d939}</UniqueIdentifier>
    </Filter>
    <Filter Include="crypto\cast">
      <UniqueIdentifier>{8eb6c963-6975-425d-aed1-8ace09c1b31b}</UniqueIdentifier>
    </Filter>
    <Filter Include="crypto\md4">
      <UniqueIdentifier>{52c63561-5552-44d8-8053-5d35a6cdd1ba}</UniqueIdentifier>
    </Filter>
    <Filter Include="crypto\mdc2">
      <UniqueIdentifier>{f46853dc-4497-45c4-ac51-947f0d3a8973}</UniqueIdentifier>
    </Filter>
    <Filter Include="crypto\ripemd">
      <UniqueIdentifier>{fc10b9cf-bd79-4a56-9c4d-e935545240fe}</UniqueIdentifier>
    </Filter>
    <Filter Include="engines">
      <UniqueIdentifier>{da5afbaf-f194-4a58-b0c9-e40e72633181}</UniqueIdentifier>
    </Filter>
    <Filter Include="engines\ccgost">
      <UniqueIdentifier>{96cc2eb8-0016-4c2d-82d4-2a5e3a40d522}</UniqueIdentifier>
    </Filter>
    <Filter Include="ssl">
      <UniqueIdentifier>{d171b032-e4d4-4f35-95fd-d90dc53bde33}</UniqueIdentifier>
    </Filter>
  </ItemGroup>
  <ItemGroup>
    <ClCompile Include="crypto\cpt_err.c">
      <Filter>crypto</Filter>
    </ClCompile>
    <ClCompile Include="crypto\cryptlib.c">
      <Filter>crypto</Filter>
    </ClCompile>
    <ClCompile Include="crypto\cversion.c">
      <Filter>crypto</Filter>
    </ClCompile>
    <ClCompile Include="crypto\ex_data.c">
      <Filter>crypto</Filter>
    </ClCompile>
    <ClCompile Include="crypto\mem.c">
      <Filter>crypto</Filter>
    </ClCompile>
    <ClCompile Include="crypto\mem_clr.c">
      <Filter>crypto</Filter>
    </ClCompile>
    <ClCompile Include="crypto\mem_dbg.c">
      <Filter>crypto</Filter>
    </ClCompile>
    <ClCompile Include="crypto\o_dir.c">
      <Filter>crypto</Filter>
    </ClCompile>
    <ClCompile Include="crypto\o_init.c">
      <Filter>crypto</Filter>
    </ClCompile>
    <ClCompile Include="crypto\o_time.c">
      <Filter>crypto</Filter>
    </ClCompile>
    <ClCompile Include="crypto\modes\cbc128.c">
      <Filter>crypto\modes</Filter>
    </ClCompile>
    <ClCompile Include="crypto\modes\ccm128.c">
      <Filter>crypto\modes</Filter>
    </ClCompile>
    <ClCompile Include="crypto\modes\cfb128.c">
      <Filter>crypto\modes</Filter>
    </ClCompile>
    <ClCompile Include="crypto\modes\ctr128.c">
      <Filter>crypto\modes</Filter>
    </ClCompile>
    <ClCompile Include="crypto\modes\gcm128.c">
      <Filter>crypto\modes</Filter>
    </ClCompile>
    <ClCompile Include="crypto\modes\ofb128.c">
      <Filter>crypto\modes</Filter>
    </ClCompile>
    <ClCompile Include="crypto\modes\xts128.c">
      <Filter>crypto\modes</Filter>
    </ClCompile>
    <ClCompile Include="crypto\bn\bn_add.c">
      <Filter>crypto\bn</Filter>
    </ClCompile>
    <ClCompile Include="crypto\bn\bn_asm.c">
      <Filter>crypto\bn</Filter>
    </ClCompile>
    <ClCompile Include="crypto\bn\bn_blind.c">
      <Filter>crypto\bn</Filter>
    </ClCompile>
    <ClCompile Include="crypto\bn\bn_const.c">
      <Filter>crypto\bn</Filter>
    </ClCompile>
    <ClCompile Include="crypto\bn\bn_ctx.c">
      <Filter>crypto\bn</Filter>
    </ClCompile>
    <ClCompile Include="crypto\bn\bn_depr.c">
      <Filter>crypto\bn</Filter>
    </ClCompile>
    <ClCompile Include="crypto\bn\bn_div.c">
      <Filter>crypto\bn</Filter>
    </ClCompile>
    <ClCompile Include="crypto\bn\bn_err.c">
      <Filter>crypto\bn</Filter>
    </ClCompile>
    <ClCompile Include="crypto\bn\bn_exp.c">
      <Filter>crypto\bn</Filter>
    </ClCompile>
    <ClCompile Include="crypto\bn\bn_exp2.c">
      <Filter>crypto\bn</Filter>
    </ClCompile>
    <ClCompile Include="crypto\bn\bn_gcd.c">
      <Filter>crypto\bn</Filter>
    </ClCompile>
    <ClCompile Include="crypto\bn\bn_gf2m.c">
      <Filter>crypto\bn</Filter>
    </ClCompile>
    <ClCompile Include="crypto\bn\bn_kron.c">
      <Filter>crypto\bn</Filter>
    </ClCompile>
    <ClCompile Include="crypto\bn\bn_lib.c">
      <Filter>crypto\bn</Filter>
    </ClCompile>
    <ClCompile Include="crypto\bn\bn_mod.c">
      <Filter>crypto\bn</Filter>
    </ClCompile>
    <ClCompile Include="crypto\bn\bn_mont.c">
      <Filter>crypto\bn</Filter>
    </ClCompile>
    <ClCompile Include="crypto\bn\bn_mpi.c">
      <Filter>crypto\bn</Filter>
    </ClCompile>
    <ClCompile Include="crypto\bn\bn_mul.c">
      <Filter>crypto\bn</Filter>
    </ClCompile>
    <ClCompile Include="crypto\bn\bn_nist.c">
      <Filter>crypto\bn</Filter>
    </ClCompile>
    <ClCompile Include="crypto\bn\bn_prime.c">
      <Filter>crypto\bn</Filter>
    </ClCompile>
    <ClCompile Include="crypto\bn\bn_print.c">
      <Filter>crypto\bn</Filter>
    </ClCompile>
    <ClCompile Include="crypto\bn\bn_rand.c">
      <Filter>crypto\bn</Filter>
    </ClCompile>
    <ClCompile Include="crypto\bn\bn_recp.c">
      <Filter>crypto\bn</Filter>
    </ClCompile>
    <ClCompile Include="crypto\bn\bn_shift.c">
      <Filter>crypto\bn</Filter>
    </ClCompile>
    <ClCompile Include="crypto\bn\bn_sqr.c">
      <Filter>crypto\bn</Filter>
    </ClCompile>
    <ClCompile Include="crypto\bn\bn_sqrt.c">
      <Filter>crypto\bn</Filter>
    </ClCompile>
    <ClCompile Include="crypto\bn\bn_word.c">
      <Filter>crypto\bn</Filter>
    </ClCompile>
    <ClCompile Include="crypto\bn\bn_x931p.c">
      <Filter>crypto\bn</Filter>
    </ClCompile>
    <ClCompile Include="crypto\rsa\rsa_ameth.c">
      <Filter>crypto\rsa</Filter>
    </ClCompile>
    <ClCompile Include="crypto\rsa\rsa_asn1.c">
      <Filter>crypto\rsa</Filter>
    </ClCompile>
    <ClCompile Include="crypto\rsa\rsa_chk.c">
      <Filter>crypto\rsa</Filter>
    </ClCompile>
    <ClCompile Include="crypto\rsa\rsa_crpt.c">
      <Filter>crypto\rsa</Filter>
    </ClCompile>
    <ClCompile Include="crypto\rsa\rsa_depr.c">
      <Filter>crypto\rsa</Filter>
    </ClCompile>
    <ClCompile Include="crypto\rsa\rsa_eay.c">
      <Filter>crypto\rsa</Filter>
    </ClCompile>
    <ClCompile Include="crypto\rsa\rsa_err.c">
      <Filter>crypto\rsa</Filter>
    </ClCompile>
    <ClCompile Include="crypto\rsa\rsa_gen.c">
      <Filter>crypto\rsa</Filter>
    </ClCompile>
    <ClCompile Include="crypto\rsa\rsa_lib.c">
      <Filter>crypto\rsa</Filter>
    </ClCompile>
    <ClCompile Include="crypto\rsa\rsa_none.c">
      <Filter>crypto\rsa</Filter>
    </ClCompile>
    <ClCompile Include="crypto\rsa\rsa_null.c">
      <Filter>crypto\rsa</Filter>
    </ClCompile>
    <ClCompile Include="crypto\rsa\rsa_oaep.c">
      <Filter>crypto\rsa</Filter>
    </ClCompile>
    <ClCompile Include="crypto\rsa\rsa_pk1.c">
      <Filter>crypto\rsa</Filter>
    </ClCompile>
    <ClCompile Include="crypto\rsa\rsa_pmeth.c">
      <Filter>crypto\rsa</Filter>
    </ClCompile>
    <ClCompile Include="crypto\rsa\rsa_prn.c">
      <Filter>crypto\rsa</Filter>
    </ClCompile>
    <ClCompile Include="crypto\rsa\rsa_pss.c">
      <Filter>crypto\rsa</Filter>
    </ClCompile>
    <ClCompile Include="crypto\rsa\rsa_saos.c">
      <Filter>crypto\rsa</Filter>
    </ClCompile>
    <ClCompile Include="crypto\rsa\rsa_sign.c">
      <Filter>crypto\rsa</Filter>
    </ClCompile>
    <ClCompile Include="crypto\rsa\rsa_ssl.c">
      <Filter>crypto\rsa</Filter>
    </ClCompile>
    <ClCompile Include="crypto\rsa\rsa_x931.c">
      <Filter>crypto\rsa</Filter>
    </ClCompile>
    <ClCompile Include="crypto\dsa\dsa_ameth.c">
      <Filter>crypto\dsa</Filter>
    </ClCompile>
    <ClCompile Include="crypto\dsa\dsa_asn1.c">
      <Filter>crypto\dsa</Filter>
    </ClCompile>
    <ClCompile Include="crypto\dsa\dsa_depr.c">
      <Filter>crypto\dsa</Filter>
    </ClCompile>
    <ClCompile Include="crypto\dsa\dsa_err.c">
      <Filter>crypto\dsa</Filter>
    </ClCompile>
    <ClCompile Include="crypto\dsa\dsa_gen.c">
      <Filter>crypto\dsa</Filter>
    </ClCompile>
    <ClCompile Include="crypto\dsa\dsa_key.c">
      <Filter>crypto\dsa</Filter>
    </ClCompile>
    <ClCompile Include="crypto\dsa\dsa_lib.c">
      <Filter>crypto\dsa</Filter>
    </ClCompile>
    <ClCompile Include="crypto\dsa\dsa_ossl.c">
      <Filter>crypto\dsa</Filter>
    </ClCompile>
    <ClCompile Include="crypto\dsa\dsa_pmeth.c">
      <Filter>crypto\dsa</Filter>
    </ClCompile>
    <ClCompile Include="crypto\dsa\dsa_prn.c">
      <Filter>crypto\dsa</Filter>
    </ClCompile>
    <ClCompile Include="crypto\dsa\dsa_sign.c">
      <Filter>crypto\dsa</Filter>
    </ClCompile>
    <ClCompile Include="crypto\dsa\dsa_vrf.c">
      <Filter>crypto\dsa</Filter>
    </ClCompile>
    <ClCompile Include="crypto\dso\dso_beos.c">
      <Filter>crypto\dso</Filter>
    </ClCompile>
    <ClCompile Include="crypto\dso\dso_dl.c">
      <Filter>crypto\dso</Filter>
    </ClCompile>
    <ClCompile Include="crypto\dso\dso_dlfcn.c">
      <Filter>crypto\dso</Filter>
    </ClCompile>
    <ClCompile Include="crypto\dso\dso_err.c">
      <Filter>crypto\dso</Filter>
    </ClCompile>
    <ClCompile Include="crypto\dso\dso_lib.c">
      <Filter>crypto\dso</Filter>
    </ClCompile>
    <ClCompile Include="crypto\dso\dso_null.c">
      <Filter>crypto\dso</Filter>
    </ClCompile>
    <ClCompile Include="crypto\dso\dso_openssl.c">
      <Filter>crypto\dso</Filter>
    </ClCompile>
    <ClCompile Include="crypto\dso\dso_vms.c">
      <Filter>crypto\dso</Filter>
    </ClCompile>
    <ClCompile Include="crypto\dso\dso_win32.c">
      <Filter>crypto\dso</Filter>
    </ClCompile>
    <ClCompile Include="crypto\dh\dh_ameth.c">
      <Filter>crypto\dh</Filter>
    </ClCompile>
    <ClCompile Include="crypto\dh\dh_asn1.c">
      <Filter>crypto\dh</Filter>
    </ClCompile>
    <ClCompile Include="crypto\dh\dh_check.c">
      <Filter>crypto\dh</Filter>
    </ClCompile>
    <ClCompile Include="crypto\dh\dh_depr.c">
      <Filter>crypto\dh</Filter>
    </ClCompile>
    <ClCompile Include="crypto\dh\dh_err.c">
      <Filter>crypto\dh</Filter>
    </ClCompile>
    <ClCompile Include="crypto\dh\dh_gen.c">
      <Filter>crypto\dh</Filter>
    </ClCompile>
    <ClCompile Include="crypto\dh\dh_key.c">
      <Filter>crypto\dh</Filter>
    </ClCompile>
    <ClCompile Include="crypto\dh\dh_lib.c">
      <Filter>crypto\dh</Filter>
    </ClCompile>
    <ClCompile Include="crypto\dh\dh_pmeth.c">
      <Filter>crypto\dh</Filter>
    </ClCompile>
    <ClCompile Include="crypto\dh\dh_prn.c">
      <Filter>crypto\dh</Filter>
    </ClCompile>
    <ClCompile Include="crypto\ec\ec2_mult.c">
      <Filter>crypto\ec</Filter>
    </ClCompile>
    <ClCompile Include="crypto\ec\ec2_oct.c">
      <Filter>crypto\ec</Filter>
    </ClCompile>
    <ClCompile Include="crypto\ec\ec2_smpl.c">
      <Filter>crypto\ec</Filter>
    </ClCompile>
    <ClCompile Include="crypto\ec\eck_prn.c">
      <Filter>crypto\ec</Filter>
    </ClCompile>
    <ClCompile Include="crypto\ec\ecp_mont.c">
      <Filter>crypto\ec</Filter>
    </ClCompile>
    <ClCompile Include="crypto\ec\ecp_nist.c">
      <Filter>crypto\ec</Filter>
    </ClCompile>
    <ClCompile Include="crypto\ec\ecp_nistp224.c">
      <Filter>crypto\ec</Filter>
    </ClCompile>
    <ClCompile Include="crypto\ec\ecp_nistp256.c">
      <Filter>crypto\ec</Filter>
    </ClCompile>
    <ClCompile Include="crypto\ec\ecp_nistp521.c">
      <Filter>crypto\ec</Filter>
    </ClCompile>
    <ClCompile Include="crypto\ec\ecp_nistputil.c">
      <Filter>crypto\ec</Filter>
    </ClCompile>
    <ClCompile Include="crypto\ec\ecp_oct.c">
      <Filter>crypto\ec</Filter>
    </ClCompile>
    <ClCompile Include="crypto\ec\ecp_smpl.c">
      <Filter>crypto\ec</Filter>
    </ClCompile>
    <ClCompile Include="crypto\ec\ec_ameth.c">
      <Filter>crypto\ec</Filter>
    </ClCompile>
    <ClCompile Include="crypto\ec\ec_asn1.c">
      <Filter>crypto\ec</Filter>
    </ClCompile>
    <ClCompile Include="crypto\ec\ec_check.c">
      <Filter>crypto\ec</Filter>
    </ClCompile>
    <ClCompile Include="crypto\ec\ec_curve.c">
      <Filter>crypto\ec</Filter>
    </ClCompile>
    <ClCompile Include="crypto\ec\ec_cvt.c">
      <Filter>crypto\ec</Filter>
    </ClCompile>
    <ClCompile Include="crypto\ec\ec_err.c">
      <Filter>crypto\ec</Filter>
    </ClCompile>
    <ClCompile Include="crypto\ec\ec_key.c">
      <Filter>crypto\ec</Filter>
    </ClCompile>
    <ClCompile Include="crypto\ec\ec_lib.c">
      <Filter>crypto\ec</Filter>
    </ClCompile>
    <ClCompile Include="crypto\ec\ec_mult.c">
      <Filter>crypto\ec</Filter>
    </ClCompile>
    <ClCompile Include="crypto\ec\ec_oct.c">
      <Filter>crypto\ec</Filter>
    </ClCompile>
    <ClCompile Include="crypto\ec\ec_pmeth.c">
      <Filter>crypto\ec</Filter>
    </ClCompile>
    <ClCompile Include="crypto\ec\ec_print.c">
      <Filter>crypto\ec</Filter>
    </ClCompile>
    <ClCompile Include="crypto\ecdh\ech_err.c">
      <Filter>crypto\ecdh</Filter>
    </ClCompile>
    <ClCompile Include="crypto\ecdh\ech_key.c">
      <Filter>crypto\ecdh</Filter>
    </ClCompile>
    <ClCompile Include="crypto\ecdh\ech_lib.c">
      <Filter>crypto\ecdh</Filter>
    </ClCompile>
    <ClCompile Include="crypto\ecdh\ech_ossl.c">
      <Filter>crypto\ecdh</Filter>
    </ClCompile>
    <ClCompile Include="crypto\ecdsa\ecs_asn1.c">
      <Filter>crypto\ecdsa</Filter>
    </ClCompile>
    <ClCompile Include="crypto\ecdsa\ecs_err.c">
      <Filter>crypto\ecdsa</Filter>
    </ClCompile>
    <ClCompile Include="crypto\ecdsa\ecs_lib.c">
      <Filter>crypto\ecdsa</Filter>
    </ClCompile>
    <ClCompile Include="crypto\ecdsa\ecs_ossl.c">
      <Filter>crypto\ecdsa</Filter>
    </ClCompile>
    <ClCompile Include="crypto\ecdsa\ecs_sign.c">
      <Filter>crypto\ecdsa</Filter>
    </ClCompile>
    <ClCompile Include="crypto\ecdsa\ecs_vrf.c">
      <Filter>crypto\ecdsa</Filter>
    </ClCompile>
    <ClCompile Include="crypto\buffer\buffer.c">
      <Filter>crypto\buffer</Filter>
    </ClCompile>
    <ClCompile Include="crypto\buffer\buf_err.c">
      <Filter>crypto\buffer</Filter>
    </ClCompile>
    <ClCompile Include="crypto\buffer\buf_str.c">
      <Filter>crypto\buffer</Filter>
    </ClCompile>
    <ClCompile Include="crypto\bio\bf_buff.c">
      <Filter>crypto\bio</Filter>
    </ClCompile>
    <ClCompile Include="crypto\bio\bf_lbuf.c">
      <Filter>crypto\bio</Filter>
    </ClCompile>
    <ClCompile Include="crypto\bio\bf_nbio.c">
      <Filter>crypto\bio</Filter>
    </ClCompile>
    <ClCompile Include="crypto\bio\bf_null.c">
      <Filter>crypto\bio</Filter>
    </ClCompile>
    <ClCompile Include="crypto\bio\bio_cb.c">
      <Filter>crypto\bio</Filter>
    </ClCompile>
    <ClCompile Include="crypto\bio\bio_err.c">
      <Filter>crypto\bio</Filter>
    </ClCompile>
    <ClCompile Include="crypto\bio\bio_lib.c">
      <Filter>crypto\bio</Filter>
    </ClCompile>
    <ClCompile Include="crypto\bio\bss_acpt.c">
      <Filter>crypto\bio</Filter>
    </ClCompile>
    <ClCompile Include="crypto\bio\bss_bio.c">
      <Filter>crypto\bio</Filter>
    </ClCompile>
    <ClCompile Include="crypto\bio\bss_conn.c">
      <Filter>crypto\bio</Filter>
    </ClCompile>
    <ClCompile Include="crypto\bio\bss_dgram.c">
      <Filter>crypto\bio</Filter>
    </ClCompile>
    <ClCompile Include="crypto\bio\bss_fd.c">
      <Filter>crypto\bio</Filter>
    </ClCompile>
    <ClCompile Include="crypto\bio\bss_file.c">
      <Filter>crypto\bio</Filter>
    </ClCompile>
    <ClCompile Include="crypto\bio\bss_log.c">
      <Filter>crypto\bio</Filter>
    </ClCompile>
    <ClCompile Include="crypto\bio\bss_mem.c">
      <Filter>crypto\bio</Filter>
    </ClCompile>
    <ClCompile Include="crypto\bio\bss_null.c">
      <Filter>crypto\bio</Filter>
    </ClCompile>
    <ClCompile Include="crypto\bio\bss_sock.c">
      <Filter>crypto\bio</Filter>
    </ClCompile>
    <ClCompile Include="crypto\bio\b_dump.c">
      <Filter>crypto\bio</Filter>
    </ClCompile>
    <ClCompile Include="crypto\bio\b_print.c">
      <Filter>crypto\bio</Filter>
    </ClCompile>
    <ClCompile Include="crypto\bio\b_sock.c">
      <Filter>crypto\bio</Filter>
    </ClCompile>
    <ClCompile Include="crypto\stack\stack.c">
      <Filter>crypto\stack</Filter>
    </ClCompile>
    <ClCompile Include="crypto\lhash\lhash.c">
      <Filter>crypto\lhash</Filter>
    </ClCompile>
    <ClCompile Include="crypto\lhash\lh_stats.c">
      <Filter>crypto\lhash</Filter>
    </ClCompile>
    <ClCompile Include="crypto\rand\md_rand.c">
      <Filter>crypto\rand</Filter>
    </ClCompile>
    <ClCompile Include="crypto\rand\randfile.c">
      <Filter>crypto\rand</Filter>
    </ClCompile>
    <ClCompile Include="crypto\rand\rand_egd.c">
      <Filter>crypto\rand</Filter>
    </ClCompile>
    <ClCompile Include="crypto\rand\rand_err.c">
      <Filter>crypto\rand</Filter>
    </ClCompile>
    <ClCompile Include="crypto\rand\rand_lib.c">
      <Filter>crypto\rand</Filter>
    </ClCompile>
    <ClCompile Include="crypto\rand\rand_nw.c">
      <Filter>crypto\rand</Filter>
    </ClCompile>
    <ClCompile Include="crypto\rand\rand_os2.c">
      <Filter>crypto\rand</Filter>
    </ClCompile>
    <ClCompile Include="crypto\rand\rand_unix.c">
      <Filter>crypto\rand</Filter>
    </ClCompile>
    <ClCompile Include="crypto\rand\rand_win.c">
      <Filter>crypto\rand</Filter>
    </ClCompile>
    <ClCompile Include="crypto\err\err.c">
      <Filter>crypto\err</Filter>
    </ClCompile>
    <ClCompile Include="crypto\err\err_all.c">
      <Filter>crypto\err</Filter>
    </ClCompile>
    <ClCompile Include="crypto\err\err_prn.c">
      <Filter>crypto\err</Filter>
    </ClCompile>
    <ClCompile Include="crypto\objects\obj_dat.c">
      <Filter>crypto\objects</Filter>
    </ClCompile>
    <ClCompile Include="crypto\objects\obj_err.c">
      <Filter>crypto\objects</Filter>
    </ClCompile>
    <ClCompile Include="crypto\objects\obj_lib.c">
      <Filter>crypto\objects</Filter>
    </ClCompile>
    <ClCompile Include="crypto\objects\obj_xref.c">
      <Filter>crypto\objects</Filter>
    </ClCompile>
    <ClCompile Include="crypto\objects\o_names.c">
      <Filter>crypto\objects</Filter>
    </ClCompile>
    <ClCompile Include="crypto\evp\bio_b64.c">
      <Filter>crypto\evp</Filter>
    </ClCompile>
    <ClCompile Include="crypto\evp\bio_enc.c">
      <Filter>crypto\evp</Filter>
    </ClCompile>
    <ClCompile Include="crypto\evp\bio_md.c">
      <Filter>crypto\evp</Filter>
    </ClCompile>
    <ClCompile Include="crypto\evp\bio_ok.c">
      <Filter>crypto\evp</Filter>
    </ClCompile>
    <ClCompile Include="crypto\evp\c_all.c">
      <Filter>crypto\evp</Filter>
    </ClCompile>
    <ClCompile Include="crypto\evp\c_allc.c">
      <Filter>crypto\evp</Filter>
    </ClCompile>
    <ClCompile Include="crypto\evp\c_alld.c">
      <Filter>crypto\evp</Filter>
    </ClCompile>
    <ClCompile Include="crypto\evp\digest.c">
      <Filter>crypto\evp</Filter>
    </ClCompile>
    <ClCompile Include="crypto\evp\encode.c">
      <Filter>crypto\evp</Filter>
    </ClCompile>
    <ClCompile Include="crypto\evp\evp_acnf.c">
      <Filter>crypto\evp</Filter>
    </ClCompile>
    <ClCompile Include="crypto\evp\evp_enc.c">
      <Filter>crypto\evp</Filter>
    </ClCompile>
    <ClCompile Include="crypto\evp\evp_err.c">
      <Filter>crypto\evp</Filter>
    </ClCompile>
    <ClCompile Include="crypto\evp\evp_fips.c">
      <Filter>crypto\evp</Filter>
    </ClCompile>
    <ClCompile Include="crypto\evp\evp_key.c">
      <Filter>crypto\evp</Filter>
    </ClCompile>
    <ClCompile Include="crypto\evp\evp_lib.c">
      <Filter>crypto\evp</Filter>
    </ClCompile>
    <ClCompile Include="crypto\evp\evp_pbe.c">
      <Filter>crypto\evp</Filter>
    </ClCompile>
    <ClCompile Include="crypto\evp\evp_pkey.c">
      <Filter>crypto\evp</Filter>
    </ClCompile>
    <ClCompile Include="crypto\evp\e_aes.c">
      <Filter>crypto\evp</Filter>
    </ClCompile>
    <ClCompile Include="crypto\evp\e_aes_cbc_hmac_sha1.c">
      <Filter>crypto\evp</Filter>
    </ClCompile>
    <ClCompile Include="crypto\evp\e_bf.c">
      <Filter>crypto\evp</Filter>
    </ClCompile>
    <ClCompile Include="crypto\evp\e_camellia.c">
      <Filter>crypto\evp</Filter>
    </ClCompile>
    <ClCompile Include="crypto\evp\e_cast.c">
      <Filter>crypto\evp</Filter>
    </ClCompile>
    <ClCompile Include="crypto\evp\e_des.c">
      <Filter>crypto\evp</Filter>
    </ClCompile>
    <ClCompile Include="crypto\evp\e_des3.c">
      <Filter>crypto\evp</Filter>
    </ClCompile>
    <ClCompile Include="crypto\evp\e_idea.c">
      <Filter>crypto\evp</Filter>
    </ClCompile>
    <ClCompile Include="crypto\evp\e_null.c">
      <Filter>crypto\evp</Filter>
    </ClCompile>
    <ClCompile Include="crypto\evp\e_old.c">
      <Filter>crypto\evp</Filter>
    </ClCompile>
    <ClCompile Include="crypto\evp\e_rc2.c">
      <Filter>crypto\evp</Filter>
    </ClCompile>
    <ClCompile Include="crypto\evp\e_rc4.c">
      <Filter>crypto\evp</Filter>
    </ClCompile>
    <ClCompile Include="crypto\evp\e_rc4_hmac_md5.c">
      <Filter>crypto\evp</Filter>
    </ClCompile>
    <ClCompile Include="crypto\evp\e_rc5.c">
      <Filter>crypto\evp</Filter>
    </ClCompile>
    <ClCompile Include="crypto\evp\e_seed.c">
      <Filter>crypto\evp</Filter>
    </ClCompile>
    <ClCompile Include="crypto\evp\e_xcbc_d.c">
      <Filter>crypto\evp</Filter>
    </ClCompile>
    <ClCompile Include="crypto\evp\m_dss.c">
      <Filter>crypto\evp</Filter>
    </ClCompile>
    <ClCompile Include="crypto\evp\m_dss1.c">
      <Filter>crypto\evp</Filter>
    </ClCompile>
    <ClCompile Include="crypto\evp\m_ecdsa.c">
      <Filter>crypto\evp</Filter>
    </ClCompile>
    <ClCompile Include="crypto\evp\m_md2.c">
      <Filter>crypto\evp</Filter>
    </ClCompile>
    <ClCompile Include="crypto\evp\m_md4.c">
      <Filter>crypto\evp</Filter>
    </ClCompile>
    <ClCompile Include="crypto\evp\m_md5.c">
      <Filter>crypto\evp</Filter>
    </ClCompile>
    <ClCompile Include="crypto\evp\m_mdc2.c">
      <Filter>crypto\evp</Filter>
    </ClCompile>
    <ClCompile Include="crypto\evp\m_null.c">
      <Filter>crypto\evp</Filter>
    </ClCompile>
    <ClCompile Include="crypto\evp\m_ripemd.c">
      <Filter>crypto\evp</Filter>
    </ClCompile>
    <ClCompile Include="crypto\evp\m_sha.c">
      <Filter>crypto\evp</Filter>
    </ClCompile>
    <ClCompile Include="crypto\evp\m_sha1.c">
      <Filter>crypto\evp</Filter>
    </ClCompile>
    <ClCompile Include="crypto\evp\m_sigver.c">
      <Filter>crypto\evp</Filter>
    </ClCompile>
    <ClCompile Include="crypto\evp\m_wp.c">
      <Filter>crypto\evp</Filter>
    </ClCompile>
    <ClCompile Include="crypto\evp\names.c">
      <Filter>crypto\evp</Filter>
    </ClCompile>
    <ClCompile Include="crypto\evp\p5_crpt.c">
      <Filter>crypto\evp</Filter>
    </ClCompile>
    <ClCompile Include="crypto\evp\p5_crpt2.c">
      <Filter>crypto\evp</Filter>
    </ClCompile>
    <ClCompile Include="crypto\evp\pmeth_fn.c">
      <Filter>crypto\evp</Filter>
    </ClCompile>
    <ClCompile Include="crypto\evp\pmeth_gn.c">
      <Filter>crypto\evp</Filter>
    </ClCompile>
    <ClCompile Include="crypto\evp\pmeth_lib.c">
      <Filter>crypto\evp</Filter>
    </ClCompile>
    <ClCompile Include="crypto\evp\p_dec.c">
      <Filter>crypto\evp</Filter>
    </ClCompile>
    <ClCompile Include="crypto\evp\p_enc.c">
      <Filter>crypto\evp</Filter>
    </ClCompile>
    <ClCompile Include="crypto\evp\p_lib.c">
      <Filter>crypto\evp</Filter>
    </ClCompile>
    <ClCompile Include="crypto\evp\p_open.c">
      <Filter>crypto\evp</Filter>
    </ClCompile>
    <ClCompile Include="crypto\evp\p_seal.c">
      <Filter>crypto\evp</Filter>
    </ClCompile>
    <ClCompile Include="crypto\evp\p_sign.c">
      <Filter>crypto\evp</Filter>
    </ClCompile>
    <ClCompile Include="crypto\evp\p_verify.c">
      <Filter>crypto\evp</Filter>
    </ClCompile>
    <ClCompile Include="crypto\asn1\ameth_lib.c">
      <Filter>crypto\asn1</Filter>
    </ClCompile>
    <ClCompile Include="crypto\asn1\asn1_err.c">
      <Filter>crypto\asn1</Filter>
    </ClCompile>
    <ClCompile Include="crypto\asn1\asn1_gen.c">
      <Filter>crypto\asn1</Filter>
    </ClCompile>
    <ClCompile Include="crypto\asn1\asn1_lib.c">
      <Filter>crypto\asn1</Filter>
    </ClCompile>
    <ClCompile Include="crypto\asn1\asn1_par.c">
      <Filter>crypto\asn1</Filter>
    </ClCompile>
    <ClCompile Include="crypto\asn1\asn_mime.c">
      <Filter>crypto\asn1</Filter>
    </ClCompile>
    <ClCompile Include="crypto\asn1\asn_moid.c">
      <Filter>crypto\asn1</Filter>
    </ClCompile>
    <ClCompile Include="crypto\asn1\asn_pack.c">
      <Filter>crypto\asn1</Filter>
    </ClCompile>
    <ClCompile Include="crypto\asn1\a_bitstr.c">
      <Filter>crypto\asn1</Filter>
    </ClCompile>
    <ClCompile Include="crypto\asn1\a_bool.c">
      <Filter>crypto\asn1</Filter>
    </ClCompile>
    <ClCompile Include="crypto\asn1\a_bytes.c">
      <Filter>crypto\asn1</Filter>
    </ClCompile>
    <ClCompile Include="crypto\asn1\a_d2i_fp.c">
      <Filter>crypto\asn1</Filter>
    </ClCompile>
    <ClCompile Include="crypto\asn1\a_digest.c">
      <Filter>crypto\asn1</Filter>
    </ClCompile>
    <ClCompile Include="crypto\asn1\a_dup.c">
      <Filter>crypto\asn1</Filter>
    </ClCompile>
    <ClCompile Include="crypto\asn1\a_enum.c">
      <Filter>crypto\asn1</Filter>
    </ClCompile>
    <ClCompile Include="crypto\asn1\a_gentm.c">
      <Filter>crypto\asn1</Filter>
    </ClCompile>
    <ClCompile Include="crypto\asn1\a_i2d_fp.c">
      <Filter>crypto\asn1</Filter>
    </ClCompile>
    <ClCompile Include="crypto\asn1\a_int.c">
      <Filter>crypto\asn1</Filter>
    </ClCompile>
    <ClCompile Include="crypto\asn1\a_mbstr.c">
      <Filter>crypto\asn1</Filter>
    </ClCompile>
    <ClCompile Include="crypto\asn1\a_object.c">
      <Filter>crypto\asn1</Filter>
    </ClCompile>
    <ClCompile Include="crypto\asn1\a_octet.c">
      <Filter>crypto\asn1</Filter>
    </ClCompile>
    <ClCompile Include="crypto\asn1\a_print.c">
      <Filter>crypto\asn1</Filter>
    </ClCompile>
    <ClCompile Include="crypto\asn1\a_set.c">
      <Filter>crypto\asn1</Filter>
    </ClCompile>
    <ClCompile Include="crypto\asn1\a_sign.c">
      <Filter>crypto\asn1</Filter>
    </ClCompile>
    <ClCompile Include="crypto\asn1\a_strex.c">
      <Filter>crypto\asn1</Filter>
    </ClCompile>
    <ClCompile Include="crypto\asn1\a_strnid.c">
      <Filter>crypto\asn1</Filter>
    </ClCompile>
    <ClCompile Include="crypto\asn1\a_time.c">
      <Filter>crypto\asn1</Filter>
    </ClCompile>
    <ClCompile Include="crypto\asn1\a_type.c">
      <Filter>crypto\asn1</Filter>
    </ClCompile>
    <ClCompile Include="crypto\asn1\a_utctm.c">
      <Filter>crypto\asn1</Filter>
    </ClCompile>
    <ClCompile Include="crypto\asn1\a_utf8.c">
      <Filter>crypto\asn1</Filter>
    </ClCompile>
    <ClCompile Include="crypto\asn1\a_verify.c">
      <Filter>crypto\asn1</Filter>
    </ClCompile>
    <ClCompile Include="crypto\asn1\bio_asn1.c">
      <Filter>crypto\asn1</Filter>
    </ClCompile>
    <ClCompile Include="crypto\asn1\bio_ndef.c">
      <Filter>crypto\asn1</Filter>
    </ClCompile>
    <ClCompile Include="crypto\asn1\d2i_pr.c">
      <Filter>crypto\asn1</Filter>
    </ClCompile>
    <ClCompile Include="crypto\asn1\d2i_pu.c">
      <Filter>crypto\asn1</Filter>
    </ClCompile>
    <ClCompile Include="crypto\asn1\evp_asn1.c">
      <Filter>crypto\asn1</Filter>
    </ClCompile>
    <ClCompile Include="crypto\asn1\f_enum.c">
      <Filter>crypto\asn1</Filter>
    </ClCompile>
    <ClCompile Include="crypto\asn1\f_int.c">
      <Filter>crypto\asn1</Filter>
    </ClCompile>
    <ClCompile Include="crypto\asn1\f_string.c">
      <Filter>crypto\asn1</Filter>
    </ClCompile>
    <ClCompile Include="crypto\asn1\i2d_pr.c">
      <Filter>crypto\asn1</Filter>
    </ClCompile>
    <ClCompile Include="crypto\asn1\i2d_pu.c">
      <Filter>crypto\asn1</Filter>
    </ClCompile>
    <ClCompile Include="crypto\asn1\nsseq.c">
      <Filter>crypto\asn1</Filter>
    </ClCompile>
    <ClCompile Include="crypto\asn1\n_pkey.c">
      <Filter>crypto\asn1</Filter>
    </ClCompile>
    <ClCompile Include="crypto\asn1\p5_pbe.c">
      <Filter>crypto\asn1</Filter>
    </ClCompile>
    <ClCompile Include="crypto\asn1\p5_pbev2.c">
      <Filter>crypto\asn1</Filter>
    </ClCompile>
    <ClCompile Include="crypto\asn1\p8_pkey.c">
      <Filter>crypto\asn1</Filter>
    </ClCompile>
    <ClCompile Include="crypto\asn1\tasn_dec.c">
      <Filter>crypto\asn1</Filter>
    </ClCompile>
    <ClCompile Include="crypto\asn1\tasn_enc.c">
      <Filter>crypto\asn1</Filter>
    </ClCompile>
    <ClCompile Include="crypto\asn1\tasn_fre.c">
      <Filter>crypto\asn1</Filter>
    </ClCompile>
    <ClCompile Include="crypto\asn1\tasn_new.c">
      <Filter>crypto\asn1</Filter>
    </ClCompile>
    <ClCompile Include="crypto\asn1\tasn_prn.c">
      <Filter>crypto\asn1</Filter>
    </ClCompile>
    <ClCompile Include="crypto\asn1\tasn_typ.c">
      <Filter>crypto\asn1</Filter>
    </ClCompile>
    <ClCompile Include="crypto\asn1\tasn_utl.c">
      <Filter>crypto\asn1</Filter>
    </ClCompile>
    <ClCompile Include="crypto\asn1\t_bitst.c">
      <Filter>crypto\asn1</Filter>
    </ClCompile>
    <ClCompile Include="crypto\asn1\t_crl.c">
      <Filter>crypto\asn1</Filter>
    </ClCompile>
    <ClCompile Include="crypto\asn1\t_pkey.c">
      <Filter>crypto\asn1</Filter>
    </ClCompile>
    <ClCompile Include="crypto\asn1\t_req.c">
      <Filter>crypto\asn1</Filter>
    </ClCompile>
    <ClCompile Include="crypto\asn1\t_spki.c">
      <Filter>crypto\asn1</Filter>
    </ClCompile>
    <ClCompile Include="crypto\asn1\t_x509.c">
      <Filter>crypto\asn1</Filter>
    </ClCompile>
    <ClCompile Include="crypto\asn1\t_x509a.c">
      <Filter>crypto\asn1</Filter>
    </ClCompile>
    <ClCompile Include="crypto\asn1\x_algor.c">
      <Filter>crypto\asn1</Filter>
    </ClCompile>
    <ClCompile Include="crypto\asn1\x_attrib.c">
      <Filter>crypto\asn1</Filter>
    </ClCompile>
    <ClCompile Include="crypto\asn1\x_bignum.c">
      <Filter>crypto\asn1</Filter>
    </ClCompile>
    <ClCompile Include="crypto\asn1\x_crl.c">
      <Filter>crypto\asn1</Filter>
    </ClCompile>
    <ClCompile Include="crypto\asn1\x_exten.c">
      <Filter>crypto\asn1</Filter>
    </ClCompile>
    <ClCompile Include="crypto\asn1\x_info.c">
      <Filter>crypto\asn1</Filter>
    </ClCompile>
    <ClCompile Include="crypto\asn1\x_long.c">
      <Filter>crypto\asn1</Filter>
    </ClCompile>
    <ClCompile Include="crypto\asn1\x_name.c">
      <Filter>crypto\asn1</Filter>
    </ClCompile>
    <ClCompile Include="crypto\asn1\x_nx509.c">
      <Filter>crypto\asn1</Filter>
    </ClCompile>
    <ClCompile Include="crypto\asn1\x_pkey.c">
      <Filter>crypto\asn1</Filter>
    </ClCompile>
    <ClCompile Include="crypto\asn1\x_pubkey.c">
      <Filter>crypto\asn1</Filter>
    </ClCompile>
    <ClCompile Include="crypto\asn1\x_req.c">
      <Filter>crypto\asn1</Filter>
    </ClCompile>
    <ClCompile Include="crypto\asn1\x_sig.c">
      <Filter>crypto\asn1</Filter>
    </ClCompile>
    <ClCompile Include="crypto\asn1\x_spki.c">
      <Filter>crypto\asn1</Filter>
    </ClCompile>
    <ClCompile Include="crypto\asn1\x_val.c">
      <Filter>crypto\asn1</Filter>
    </ClCompile>
    <ClCompile Include="crypto\asn1\x_x509.c">
      <Filter>crypto\asn1</Filter>
    </ClCompile>
    <ClCompile Include="crypto\asn1\x_x509a.c">
      <Filter>crypto\asn1</Filter>
    </ClCompile>
    <ClCompile Include="crypto\pem\pem_all.c">
      <Filter>crypto\pem</Filter>
    </ClCompile>
    <ClCompile Include="crypto\pem\pem_err.c">
      <Filter>crypto\pem</Filter>
    </ClCompile>
    <ClCompile Include="crypto\pem\pem_info.c">
      <Filter>crypto\pem</Filter>
    </ClCompile>
    <ClCompile Include="crypto\pem\pem_lib.c">
      <Filter>crypto\pem</Filter>
    </ClCompile>
    <ClCompile Include="crypto\pem\pem_oth.c">
      <Filter>crypto\pem</Filter>
    </ClCompile>
    <ClCompile Include="crypto\pem\pem_pk8.c">
      <Filter>crypto\pem</Filter>
    </ClCompile>
    <ClCompile Include="crypto\pem\pem_pkey.c">
      <Filter>crypto\pem</Filter>
    </ClCompile>
    <ClCompile Include="crypto\pem\pem_seal.c">
      <Filter>crypto\pem</Filter>
    </ClCompile>
    <ClCompile Include="crypto\pem\pem_sign.c">
      <Filter>crypto\pem</Filter>
    </ClCompile>
    <ClCompile Include="crypto\pem\pem_x509.c">
      <Filter>crypto\pem</Filter>
    </ClCompile>
    <ClCompile Include="crypto\pem\pem_xaux.c">
      <Filter>crypto\pem</Filter>
    </ClCompile>
    <ClCompile Include="crypto\pem\pvkfmt.c">
      <Filter>crypto\pem</Filter>
    </ClCompile>
    <ClCompile Include="crypto\x509\by_dir.c">
      <Filter>crypto\x509</Filter>
    </ClCompile>
    <ClCompile Include="crypto\x509\by_file.c">
      <Filter>crypto\x509</Filter>
    </ClCompile>
    <ClCompile Include="crypto\x509\x509cset.c">
      <Filter>crypto\x509</Filter>
    </ClCompile>
    <ClCompile Include="crypto\x509\x509name.c">
      <Filter>crypto\x509</Filter>
    </ClCompile>
    <ClCompile Include="crypto\x509\x509rset.c">
      <Filter>crypto\x509</Filter>
    </ClCompile>
    <ClCompile Include="crypto\x509\x509spki.c">
      <Filter>crypto\x509</Filter>
    </ClCompile>
    <ClCompile Include="crypto\x509\x509type.c">
      <Filter>crypto\x509</Filter>
    </ClCompile>
    <ClCompile Include="crypto\x509\x509_att.c">
      <Filter>crypto\x509</Filter>
    </ClCompile>
    <ClCompile Include="crypto\x509\x509_cmp.c">
      <Filter>crypto\x509</Filter>
    </ClCompile>
    <ClCompile Include="crypto\x509\x509_d2.c">
      <Filter>crypto\x509</Filter>
    </ClCompile>
    <ClCompile Include="crypto\x509\x509_def.c">
      <Filter>crypto\x509</Filter>
    </ClCompile>
    <ClCompile Include="crypto\x509\x509_err.c">
      <Filter>crypto\x509</Filter>
    </ClCompile>
    <ClCompile Include="crypto\x509\x509_ext.c">
      <Filter>crypto\x509</Filter>
    </ClCompile>
    <ClCompile Include="crypto\x509\x509_lu.c">
      <Filter>crypto\x509</Filter>
    </ClCompile>
    <ClCompile Include="crypto\x509\x509_obj.c">
      <Filter>crypto\x509</Filter>
    </ClCompile>
    <ClCompile Include="crypto\x509\x509_r2x.c">
      <Filter>crypto\x509</Filter>
    </ClCompile>
    <ClCompile Include="crypto\x509\x509_req.c">
      <Filter>crypto\x509</Filter>
    </ClCompile>
    <ClCompile Include="crypto\x509\x509_set.c">
      <Filter>crypto\x509</Filter>
    </ClCompile>
    <ClCompile Include="crypto\x509\x509_trs.c">
      <Filter>crypto\x509</Filter>
    </ClCompile>
    <ClCompile Include="crypto\x509\x509_txt.c">
      <Filter>crypto\x509</Filter>
    </ClCompile>
    <ClCompile Include="crypto\x509\x509_v3.c">
      <Filter>crypto\x509</Filter>
    </ClCompile>
    <ClCompile Include="crypto\x509\x509_vfy.c">
      <Filter>crypto\x509</Filter>
    </ClCompile>
    <ClCompile Include="crypto\x509\x509_vpm.c">
      <Filter>crypto\x509</Filter>
    </ClCompile>
    <ClCompile Include="crypto\x509\x_all.c">
      <Filter>crypto\x509</Filter>
    </ClCompile>
    <ClCompile Include="crypto\x509v3\pcy_cache.c">
      <Filter>crypto\x509v3</Filter>
    </ClCompile>
    <ClCompile Include="crypto\x509v3\pcy_data.c">
      <Filter>crypto\x509v3</Filter>
    </ClCompile>
    <ClCompile Include="crypto\x509v3\pcy_lib.c">
      <Filter>crypto\x509v3</Filter>
    </ClCompile>
    <ClCompile Include="crypto\x509v3\pcy_map.c">
      <Filter>crypto\x509v3</Filter>
    </ClCompile>
    <ClCompile Include="crypto\x509v3\pcy_node.c">
      <Filter>crypto\x509v3</Filter>
    </ClCompile>
    <ClCompile Include="crypto\x509v3\pcy_tree.c">
      <Filter>crypto\x509v3</Filter>
    </ClCompile>
    <ClCompile Include="crypto\x509v3\v3err.c">
      <Filter>crypto\x509v3</Filter>
    </ClCompile>
    <ClCompile Include="crypto\x509v3\v3_addr.c">
      <Filter>crypto\x509v3</Filter>
    </ClCompile>
    <ClCompile Include="crypto\x509v3\v3_akey.c">
      <Filter>crypto\x509v3</Filter>
    </ClCompile>
    <ClCompile Include="crypto\x509v3\v3_akeya.c">
      <Filter>crypto\x509v3</Filter>
    </ClCompile>
    <ClCompile Include="crypto\x509v3\v3_alt.c">
      <Filter>crypto\x509v3</Filter>
    </ClCompile>
    <ClCompile Include="crypto\x509v3\v3_asid.c">
      <Filter>crypto\x509v3</Filter>
    </ClCompile>
    <ClCompile Include="crypto\x509v3\v3_bcons.c">
      <Filter>crypto\x509v3</Filter>
    </ClCompile>
    <ClCompile Include="crypto\x509v3\v3_bitst.c">
      <Filter>crypto\x509v3</Filter>
    </ClCompile>
    <ClCompile Include="crypto\x509v3\v3_conf.c">
      <Filter>crypto\x509v3</Filter>
    </ClCompile>
    <ClCompile Include="crypto\x509v3\v3_cpols.c">
      <Filter>crypto\x509v3</Filter>
    </ClCompile>
    <ClCompile Include="crypto\x509v3\v3_crld.c">
      <Filter>crypto\x509v3</Filter>
    </ClCompile>
    <ClCompile Include="crypto\x509v3\v3_enum.c">
      <Filter>crypto\x509v3</Filter>
    </ClCompile>
    <ClCompile Include="crypto\x509v3\v3_extku.c">
      <Filter>crypto\x509v3</Filter>
    </ClCompile>
    <ClCompile Include="crypto\x509v3\v3_genn.c">
      <Filter>crypto\x509v3</Filter>
    </ClCompile>
    <ClCompile Include="crypto\x509v3\v3_ia5.c">
      <Filter>crypto\x509v3</Filter>
    </ClCompile>
    <ClCompile Include="crypto\x509v3\v3_info.c">
      <Filter>crypto\x509v3</Filter>
    </ClCompile>
    <ClCompile Include="crypto\x509v3\v3_int.c">
      <Filter>crypto\x509v3</Filter>
    </ClCompile>
    <ClCompile Include="crypto\x509v3\v3_lib.c">
      <Filter>crypto\x509v3</Filter>
    </ClCompile>
    <ClCompile Include="crypto\x509v3\v3_ncons.c">
      <Filter>crypto\x509v3</Filter>
    </ClCompile>
    <ClCompile Include="crypto\x509v3\v3_ocsp.c">
      <Filter>crypto\x509v3</Filter>
    </ClCompile>
    <ClCompile Include="crypto\x509v3\v3_pci.c">
      <Filter>crypto\x509v3</Filter>
    </ClCompile>
    <ClCompile Include="crypto\x509v3\v3_pcia.c">
      <Filter>crypto\x509v3</Filter>
    </ClCompile>
    <ClCompile Include="crypto\x509v3\v3_pcons.c">
      <Filter>crypto\x509v3</Filter>
    </ClCompile>
    <ClCompile Include="crypto\x509v3\v3_pku.c">
      <Filter>crypto\x509v3</Filter>
    </ClCompile>
    <ClCompile Include="crypto\x509v3\v3_pmaps.c">
      <Filter>crypto\x509v3</Filter>
    </ClCompile>
    <ClCompile Include="crypto\x509v3\v3_prn.c">
      <Filter>crypto\x509v3</Filter>
    </ClCompile>
    <ClCompile Include="crypto\x509v3\v3_purp.c">
      <Filter>crypto\x509v3</Filter>
    </ClCompile>
    <ClCompile Include="crypto\x509v3\v3_skey.c">
      <Filter>crypto\x509v3</Filter>
    </ClCompile>
    <ClCompile Include="crypto\x509v3\v3_sxnet.c">
      <Filter>crypto\x509v3</Filter>
    </ClCompile>
    <ClCompile Include="crypto\x509v3\v3_utl.c">
      <Filter>crypto\x509v3</Filter>
    </ClCompile>
    <ClCompile Include="crypto\cms\cms_asn1.c">
      <Filter>crypto\cms</Filter>
    </ClCompile>
    <ClCompile Include="crypto\cms\cms_att.c">
      <Filter>crypto\cms</Filter>
    </ClCompile>
    <ClCompile Include="crypto\cms\cms_cd.c">
      <Filter>crypto\cms</Filter>
    </ClCompile>
    <ClCompile Include="crypto\cms\cms_dd.c">
      <Filter>crypto\cms</Filter>
    </ClCompile>
    <ClCompile Include="crypto\cms\cms_enc.c">
      <Filter>crypto\cms</Filter>
    </ClCompile>
    <ClCompile Include="crypto\cms\cms_env.c">
      <Filter>crypto\cms</Filter>
    </ClCompile>
    <ClCompile Include="crypto\cms\cms_err.c">
      <Filter>crypto\cms</Filter>
    </ClCompile>
    <ClCompile Include="crypto\cms\cms_ess.c">
      <Filter>crypto\cms</Filter>
    </ClCompile>
    <ClCompile Include="crypto\cms\cms_io.c">
      <Filter>crypto\cms</Filter>
    </ClCompile>
    <ClCompile Include="crypto\cms\cms_lib.c">
      <Filter>crypto\cms</Filter>
    </ClCompile>
    <ClCompile Include="crypto\cms\cms_pwri.c">
      <Filter>crypto\cms</Filter>
    </ClCompile>
    <ClCompile Include="crypto\cms\cms_sd.c">
      <Filter>crypto\cms</Filter>
    </ClCompile>
    <ClCompile Include="crypto\cms\cms_smime.c">
      <Filter>crypto\cms</Filter>
    </ClCompile>
    <ClCompile Include="crypto\conf\conf_api.c">
      <Filter>crypto\conf</Filter>
    </ClCompile>
    <ClCompile Include="crypto\conf\conf_def.c">
      <Filter>crypto\conf</Filter>
    </ClCompile>
    <ClCompile Include="crypto\conf\conf_err.c">
      <Filter>crypto\conf</Filter>
    </ClCompile>
    <ClCompile Include="crypto\conf\conf_lib.c">
      <Filter>crypto\conf</Filter>
    </ClCompile>
    <ClCompile Include="crypto\conf\conf_mall.c">
      <Filter>crypto\conf</Filter>
    </ClCompile>
    <ClCompile Include="crypto\conf\conf_mod.c">
      <Filter>crypto\conf</Filter>
    </ClCompile>
    <ClCompile Include="crypto\conf\conf_sap.c">
      <Filter>crypto\conf</Filter>
    </ClCompile>
    <ClCompile Include="crypto\txt_db\txt_db.c">
      <Filter>crypto\txt_db</Filter>
    </ClCompile>
    <ClCompile Include="crypto\pkcs7\bio_pk7.c">
      <Filter>crypto\pkcs7</Filter>
    </ClCompile>
    <ClCompile Include="crypto\pkcs7\pk7_asn1.c">
      <Filter>crypto\pkcs7</Filter>
    </ClCompile>
    <ClCompile Include="crypto\pkcs7\pk7_attr.c">
      <Filter>crypto\pkcs7</Filter>
    </ClCompile>
    <ClCompile Include="crypto\pkcs7\pk7_doit.c">
      <Filter>crypto\pkcs7</Filter>
    </ClCompile>
    <ClCompile Include="crypto\pkcs7\pk7_lib.c">
      <Filter>crypto\pkcs7</Filter>
    </ClCompile>
    <ClCompile Include="crypto\pkcs7\pk7_mime.c">
      <Filter>crypto\pkcs7</Filter>
    </ClCompile>
    <ClCompile Include="crypto\pkcs7\pk7_smime.c">
      <Filter>crypto\pkcs7</Filter>
    </ClCompile>
    <ClCompile Include="crypto\pkcs7\pkcs7err.c">
      <Filter>crypto\pkcs7</Filter>
    </ClCompile>
    <ClCompile Include="crypto\pkcs12\p12_add.c">
      <Filter>crypto\pkcs12</Filter>
    </ClCompile>
    <ClCompile Include="crypto\pkcs12\p12_asn.c">
      <Filter>crypto\pkcs12</Filter>
    </ClCompile>
    <ClCompile Include="crypto\pkcs12\p12_attr.c">
      <Filter>crypto\pkcs12</Filter>
    </ClCompile>
    <ClCompile Include="crypto\pkcs12\p12_crpt.c">
      <Filter>crypto\pkcs12</Filter>
    </ClCompile>
    <ClCompile Include="crypto\pkcs12\p12_crt.c">
      <Filter>crypto\pkcs12</Filter>
    </ClCompile>
    <ClCompile Include="crypto\pkcs12\p12_decr.c">
      <Filter>crypto\pkcs12</Filter>
    </ClCompile>
    <ClCompile Include="crypto\pkcs12\p12_init.c">
      <Filter>crypto\pkcs12</Filter>
    </ClCompile>
    <ClCompile Include="crypto\pkcs12\p12_key.c">
      <Filter>crypto\pkcs12</Filter>
    </ClCompile>
    <ClCompile Include="crypto\pkcs12\p12_kiss.c">
      <Filter>crypto\pkcs12</Filter>
    </ClCompile>
    <ClCompile Include="crypto\pkcs12\p12_mutl.c">
      <Filter>crypto\pkcs12</Filter>
    </ClCompile>
    <ClCompile Include="crypto\pkcs12\p12_npas.c">
      <Filter>crypto\pkcs12</Filter>
    </ClCompile>
    <ClCompile Include="crypto\pkcs12\p12_p8d.c">
      <Filter>crypto\pkcs12</Filter>
    </ClCompile>
    <ClCompile Include="crypto\pkcs12\p12_p8e.c">
      <Filter>crypto\pkcs12</Filter>
    </ClCompile>
    <ClCompile Include="crypto\pkcs12\p12_utl.c">
      <Filter>crypto\pkcs12</Filter>
    </ClCompile>
    <ClCompile Include="crypto\pkcs12\pk12err.c">
      <Filter>crypto\pkcs12</Filter>
    </ClCompile>
    <ClCompile Include="crypto\comp\comp_err.c">
      <Filter>crypto\comp</Filter>
    </ClCompile>
    <ClCompile Include="crypto\comp\comp_lib.c">
      <Filter>crypto\comp</Filter>
    </ClCompile>
    <ClCompile Include="crypto\comp\c_rle.c">
      <Filter>crypto\comp</Filter>
    </ClCompile>
    <ClCompile Include="crypto\comp\c_zlib.c">
      <Filter>crypto\comp</Filter>
    </ClCompile>
    <ClCompile Include="crypto\engine\eng_all.c">
      <Filter>crypto\engine</Filter>
    </ClCompile>
    <ClCompile Include="crypto\engine\eng_cnf.c">
      <Filter>crypto\engine</Filter>
    </ClCompile>
    <ClCompile Include="crypto\engine\eng_cryptodev.c">
      <Filter>crypto\engine</Filter>
    </ClCompile>
    <ClCompile Include="crypto\engine\eng_ctrl.c">
      <Filter>crypto\engine</Filter>
    </ClCompile>
    <ClCompile Include="crypto\engine\eng_dyn.c">
      <Filter>crypto\engine</Filter>
    </ClCompile>
    <ClCompile Include="crypto\engine\eng_err.c">
      <Filter>crypto\engine</Filter>
    </ClCompile>
    <ClCompile Include="crypto\engine\eng_fat.c">
      <Filter>crypto\engine</Filter>
    </ClCompile>
    <ClCompile Include="crypto\engine\eng_init.c">
      <Filter>crypto\engine</Filter>
    </ClCompile>
    <ClCompile Include="crypto\engine\eng_lib.c">
      <Filter>crypto\engine</Filter>
    </ClCompile>
    <ClCompile Include="crypto\engine\eng_list.c">
      <Filter>crypto\engine</Filter>
    </ClCompile>
    <ClCompile Include="crypto\engine\eng_openssl.c">
      <Filter>crypto\engine</Filter>
    </ClCompile>
    <ClCompile Include="crypto\engine\eng_pkey.c">
      <Filter>crypto\engine</Filter>
    </ClCompile>
    <ClCompile Include="crypto\engine\eng_rdrand.c">
      <Filter>crypto\engine</Filter>
    </ClCompile>
    <ClCompile Include="crypto\engine\eng_rsax.c">
      <Filter>crypto\engine</Filter>
    </ClCompile>
    <ClCompile Include="crypto\engine\eng_table.c">
      <Filter>crypto\engine</Filter>
    </ClCompile>
    <ClCompile Include="crypto\engine\tb_asnmth.c">
      <Filter>crypto\engine</Filter>
    </ClCompile>
    <ClCompile Include="crypto\engine\tb_cipher.c">
      <Filter>crypto\engine</Filter>
    </ClCompile>
    <ClCompile Include="crypto\engine\tb_dh.c">
      <Filter>crypto\engine</Filter>
    </ClCompile>
    <ClCompile Include="crypto\engine\tb_digest.c">
      <Filter>crypto\engine</Filter>
    </ClCompile>
    <ClCompile Include="crypto\engine\tb_dsa.c">
      <Filter>crypto\engine</Filter>
    </ClCompile>
    <ClCompile Include="crypto\engine\tb_ecdh.c">
      <Filter>crypto\engine</Filter>
    </ClCompile>
    <ClCompile Include="crypto\engine\tb_ecdsa.c">
      <Filter>crypto\engine</Filter>
    </ClCompile>
    <ClCompile Include="crypto\engine\tb_pkmeth.c">
      <Filter>crypto\engine</Filter>
    </ClCompile>
    <ClCompile Include="crypto\engine\tb_rand.c">
      <Filter>crypto\engine</Filter>
    </ClCompile>
    <ClCompile Include="crypto\engine\tb_rsa.c">
      <Filter>crypto\engine</Filter>
    </ClCompile>
    <ClCompile Include="crypto\engine\tb_store.c">
      <Filter>crypto\engine</Filter>
    </ClCompile>
    <ClCompile Include="crypto\ocsp\ocsp_asn.c">
      <Filter>crypto\ocsp</Filter>
    </ClCompile>
    <ClCompile Include="crypto\ocsp\ocsp_cl.c">
      <Filter>crypto\ocsp</Filter>
    </ClCompile>
    <ClCompile Include="crypto\ocsp\ocsp_err.c">
      <Filter>crypto\ocsp</Filter>
    </ClCompile>
    <ClCompile Include="crypto\ocsp\ocsp_ext.c">
      <Filter>crypto\ocsp</Filter>
    </ClCompile>
    <ClCompile Include="crypto\ocsp\ocsp_ht.c">
      <Filter>crypto\ocsp</Filter>
    </ClCompile>
    <ClCompile Include="crypto\ocsp\ocsp_lib.c">
      <Filter>crypto\ocsp</Filter>
    </ClCompile>
    <ClCompile Include="crypto\ocsp\ocsp_prn.c">
      <Filter>crypto\ocsp</Filter>
    </ClCompile>
    <ClCompile Include="crypto\ocsp\ocsp_srv.c">
      <Filter>crypto\ocsp</Filter>
    </ClCompile>
    <ClCompile Include="crypto\ocsp\ocsp_vfy.c">
      <Filter>crypto\ocsp</Filter>
    </ClCompile>
    <ClCompile Include="crypto\ui\ui_compat.c">
      <Filter>crypto\ui</Filter>
    </ClCompile>
    <ClCompile Include="crypto\ui\ui_err.c">
      <Filter>crypto\ui</Filter>
    </ClCompile>
    <ClCompile Include="crypto\ui\ui_lib.c">
      <Filter>crypto\ui</Filter>
    </ClCompile>
    <ClCompile Include="crypto\ui\ui_openssl.c">
      <Filter>crypto\ui</Filter>
    </ClCompile>
    <ClCompile Include="crypto\ui\ui_util.c">
      <Filter>crypto\ui</Filter>
    </ClCompile>
    <ClCompile Include="crypto\krb5\krb5_asn.c">
      <Filter>crypto\krb5</Filter>
    </ClCompile>
    <ClCompile Include="crypto\pqueue\pqueue.c">
      <Filter>crypto\pqueue</Filter>
    </ClCompile>
    <ClCompile Include="crypto\whrlpool\wp_block.c">
      <Filter>crypto\whrlpool</Filter>
    </ClCompile>
    <ClCompile Include="crypto\whrlpool\wp_dgst.c">
      <Filter>crypto\whrlpool</Filter>
    </ClCompile>
    <ClCompile Include="crypto\ts\ts_asn1.c">
      <Filter>crypto\ts</Filter>
    </ClCompile>
    <ClCompile Include="crypto\ts\ts_conf.c">
      <Filter>crypto\ts</Filter>
    </ClCompile>
    <ClCompile Include="crypto\ts\ts_err.c">
      <Filter>crypto\ts</Filter>
    </ClCompile>
    <ClCompile Include="crypto\ts\ts_lib.c">
      <Filter>crypto\ts</Filter>
    </ClCompile>
    <ClCompile Include="crypto\ts\ts_req_print.c">
      <Filter>crypto\ts</Filter>
    </ClCompile>
    <ClCompile Include="crypto\ts\ts_req_utils.c">
      <Filter>crypto\ts</Filter>
    </ClCompile>
    <ClCompile Include="crypto\ts\ts_rsp_print.c">
      <Filter>crypto\ts</Filter>
    </ClCompile>
    <ClCompile Include="crypto\ts\ts_rsp_sign.c">
      <Filter>crypto\ts</Filter>
    </ClCompile>
    <ClCompile Include="crypto\ts\ts_rsp_utils.c">
      <Filter>crypto\ts</Filter>
    </ClCompile>
    <ClCompile Include="crypto\ts\ts_rsp_verify.c">
      <Filter>crypto\ts</Filter>
    </ClCompile>
    <ClCompile Include="crypto\ts\ts_verify_ctx.c">
      <Filter>crypto\ts</Filter>
    </ClCompile>
    <ClCompile Include="crypto\srp\srp_lib.c">
      <Filter>crypto\srp</Filter>
    </ClCompile>
    <ClCompile Include="crypto\srp\srp_vfy.c">
      <Filter>crypto\srp</Filter>
    </ClCompile>
    <ClCompile Include="crypto\sha\sha1dgst.c">
      <Filter>crypto\sha</Filter>
    </ClCompile>
    <ClCompile Include="crypto\sha\sha1_one.c">
      <Filter>crypto\sha</Filter>
    </ClCompile>
    <ClCompile Include="crypto\sha\sha256.c">
      <Filter>crypto\sha</Filter>
    </ClCompile>
    <ClCompile Include="crypto\sha\sha512.c">
      <Filter>crypto\sha</Filter>
    </ClCompile>
    <ClCompile Include="crypto\sha\sha_dgst.c">
      <Filter>crypto\sha</Filter>
    </ClCompile>
    <ClCompile Include="crypto\sha\sha_one.c">
      <Filter>crypto\sha</Filter>
    </ClCompile>
    <ClCompile Include="crypto\hmac\hmac.c">
      <Filter>crypto\hmac</Filter>
    </ClCompile>
    <ClCompile Include="crypto\hmac\hm_ameth.c">
      <Filter>crypto\hmac</Filter>
    </ClCompile>
    <ClCompile Include="crypto\hmac\hm_pmeth.c">
      <Filter>crypto\hmac</Filter>
    </ClCompile>
    <ClCompile Include="crypto\cmac\cmac.c">
      <Filter>crypto\cmac</Filter>
    </ClCompile>
    <ClCompile Include="crypto\cmac\cm_ameth.c">
      <Filter>crypto\cmac</Filter>
    </ClCompile>
    <ClCompile Include="crypto\cmac\cm_pmeth.c">
      <Filter>crypto\cmac</Filter>
    </ClCompile>
    <ClCompile Include="crypto\md5\md5_dgst.c">
      <Filter>crypto\md5</Filter>
    </ClCompile>
    <ClCompile Include="crypto\md5\md5_one.c">
      <Filter>crypto\md5</Filter>
    </ClCompile>
    <ClCompile Include="crypto\des\cfb64ede.c">
      <Filter>crypto\des</Filter>
    </ClCompile>
    <ClCompile Include="crypto\des\cfb64enc.c">
      <Filter>crypto\des</Filter>
    </ClCompile>
    <ClCompile Include="crypto\des\cfb_enc.c">
      <Filter>crypto\des</Filter>
    </ClCompile>
    <ClCompile Include="crypto\des\des_enc.c">
      <Filter>crypto\des</Filter>
    </ClCompile>
    <ClCompile Include="crypto\des\ecb3_enc.c">
      <Filter>crypto\des</Filter>
    </ClCompile>
    <ClCompile Include="crypto\des\ecb_enc.c">
      <Filter>crypto\des</Filter>
    </ClCompile>
    <ClCompile Include="crypto\des\ofb64ede.c">
      <Filter>crypto\des</Filter>
    </ClCompile>
    <ClCompile Include="crypto\des\ofb64enc.c">
      <Filter>crypto\des</Filter>
    </ClCompile>
    <ClCompile Include="crypto\des\set_key.c">
      <Filter>crypto\des</Filter>
    </ClCompile>
    <ClCompile Include="crypto\des\xcbc_enc.c">
      <Filter>crypto\des</Filter>
    </ClCompile>
    <ClCompile Include="crypto\rc4\rc4_enc.c">
      <Filter>crypto\rc4</Filter>
    </ClCompile>
    <ClCompile Include="crypto\rc4\rc4_skey.c">
      <Filter>crypto\rc4</Filter>
    </ClCompile>
    <ClCompile Include="crypto\rc4\rc4_utl.c">
      <Filter>crypto\rc4</Filter>
    </ClCompile>
    <ClCompile Include="crypto\idea\i_cbc.c">
      <Filter>crypto\idea</Filter>
    </ClCompile>
    <ClCompile Include="crypto\idea\i_cfb64.c">
      <Filter>crypto\idea</Filter>
    </ClCompile>
    <ClCompile Include="crypto\idea\i_ecb.c">
      <Filter>crypto\idea</Filter>
    </ClCompile>
    <ClCompile Include="crypto\idea\i_ofb64.c">
      <Filter>crypto\idea</Filter>
    </ClCompile>
    <ClCompile Include="crypto\idea\i_skey.c">
      <Filter>crypto\idea</Filter>
    </ClCompile>
    <ClCompile Include="crypto\rc2\rc2cfb64.c">
      <Filter>crypto\rc2</Filter>
    </ClCompile>
    <ClCompile Include="crypto\rc2\rc2ofb64.c">
      <Filter>crypto\rc2</Filter>
    </ClCompile>
    <ClCompile Include="crypto\rc2\rc2_cbc.c">
      <Filter>crypto\rc2</Filter>
    </ClCompile>
    <ClCompile Include="crypto\rc2\rc2_ecb.c">
      <Filter>crypto\rc2</Filter>
    </ClCompile>
    <ClCompile Include="crypto\rc2\rc2_skey.c">
      <Filter>crypto\rc2</Filter>
    </ClCompile>
    <ClCompile Include="crypto\aes\aes_cbc.c">
      <Filter>crypto\aes</Filter>
    </ClCompile>
    <ClCompile Include="crypto\aes\aes_core.c">
      <Filter>crypto\aes</Filter>
    </ClCompile>
    <ClCompile Include="crypto\aes\aes_misc.c">
      <Filter>crypto\aes</Filter>
    </ClCompile>
    <ClCompile Include="crypto\aes\aes_wrap.c">
      <Filter>crypto\aes</Filter>
    </ClCompile>
    <ClCompile Include="crypto\camellia\camellia.c">
      <Filter>crypto\camellia</Filter>
    </ClCompile>
    <ClCompile Include="crypto\camellia\cmll_cbc.c">
      <Filter>crypto\camellia</Filter>
    </ClCompile>
    <ClCompile Include="crypto\camellia\cmll_cfb.c">
      <Filter>crypto\camellia</Filter>
    </ClCompile>
    <ClCompile Include="crypto\camellia\cmll_ecb.c">
      <Filter>crypto\camellia</Filter>
    </ClCompile>
    <ClCompile Include="crypto\camellia\cmll_misc.c">
      <Filter>crypto\camellia</Filter>
    </ClCompile>
    <ClCompile Include="crypto\camellia\cmll_ofb.c">
      <Filter>crypto\camellia</Filter>
    </ClCompile>
    <ClCompile Include="crypto\camellia\cmll_utl.c">
      <Filter>crypto\camellia</Filter>
    </ClCompile>
    <ClCompile Include="crypto\seed\seed.c">
      <Filter>crypto\seed</Filter>
    </ClCompile>
    <ClCompile Include="crypto\seed\seed_cbc.c">
      <Filter>crypto\seed</Filter>
    </ClCompile>
    <ClCompile Include="crypto\seed\seed_cfb.c">
      <Filter>crypto\seed</Filter>
    </ClCompile>
    <ClCompile Include="crypto\seed\seed_ecb.c">
      <Filter>crypto\seed</Filter>
    </ClCompile>
    <ClCompile Include="crypto\seed\seed_ofb.c">
      <Filter>crypto\seed</Filter>
    </ClCompile>
    <ClCompile Include="crypto\bf\bf_cfb64.c">
      <Filter>crypto\bf</Filter>
    </ClCompile>
    <ClCompile Include="crypto\bf\bf_ecb.c">
      <Filter>crypto\bf</Filter>
    </ClCompile>
    <ClCompile Include="crypto\bf\bf_enc.c">
      <Filter>crypto\bf</Filter>
    </ClCompile>
    <ClCompile Include="crypto\bf\bf_ofb64.c">
      <Filter>crypto\bf</Filter>
    </ClCompile>
    <ClCompile Include="crypto\bf\bf_skey.c">
      <Filter>crypto\bf</Filter>
    </ClCompile>
    <ClCompile Include="crypto\cast\c_cfb64.c">
      <Filter>crypto\cast</Filter>
    </ClCompile>
    <ClCompile Include="crypto\cast\c_ecb.c">
      <Filter>crypto\cast</Filter>
    </ClCompile>
    <ClCompile Include="crypto\cast\c_enc.c">
      <Filter>crypto\cast</Filter>
    </ClCompile>
    <ClCompile Include="crypto\cast\c_ofb64.c">
      <Filter>crypto\cast</Filter>
    </ClCompile>
    <ClCompile Include="crypto\cast\c_skey.c">
      <Filter>crypto\cast</Filter>
    </ClCompile>
    <ClCompile Include="crypto\md4\md4_dgst.c">
      <Filter>crypto\md4</Filter>
    </ClCompile>
    <ClCompile Include="crypto\md4\md4_one.c">
      <Filter>crypto\md4</Filter>
    </ClCompile>
    <ClCompile Include="crypto\mdc2\mdc2dgst.c">
      <Filter>crypto\mdc2</Filter>
    </ClCompile>
    <ClCompile Include="crypto\mdc2\mdc2_one.c">
      <Filter>crypto\mdc2</Filter>
    </ClCompile>
    <ClCompile Include="crypto\ripemd\rmd_dgst.c">
      <Filter>crypto\ripemd</Filter>
    </ClCompile>
    <ClCompile Include="crypto\ripemd\rmd_one.c">
      <Filter>crypto\ripemd</Filter>
    </ClCompile>
    <ClCompile Include="engines\e_4758cca.c">
      <Filter>engines</Filter>
    </ClCompile>
    <ClCompile Include="engines\e_aep.c">
      <Filter>engines</Filter>
    </ClCompile>
    <ClCompile Include="engines\e_atalla.c">
      <Filter>engines</Filter>
    </ClCompile>
    <ClCompile Include="engines\e_capi.c">
      <Filter>engines</Filter>
    </ClCompile>
    <ClCompile Include="engines\e_chil.c">
      <Filter>engines</Filter>
    </ClCompile>
    <ClCompile Include="engines\e_cswift.c">
      <Filter>engines</Filter>
    </ClCompile>
    <ClCompile Include="engines\e_gmp.c">
      <Filter>engines</Filter>
    </ClCompile>
    <ClCompile Include="engines\e_nuron.c">
      <Filter>engines</Filter>
    </ClCompile>
    <ClCompile Include="engines\e_padlock.c">
      <Filter>engines</Filter>
    </ClCompile>
    <ClCompile Include="engines\e_sureware.c">
      <Filter>engines</Filter>
    </ClCompile>
    <ClCompile Include="engines\e_ubsec.c">
      <Filter>engines</Filter>
    </ClCompile>
    <ClCompile Include="engines\ccgost\e_gost_err.c">
      <Filter>engines\ccgost</Filter>
    </ClCompile>
    <ClCompile Include="engines\ccgost\gost2001.c">
      <Filter>engines\ccgost</Filter>
    </ClCompile>
    <ClCompile Include="engines\ccgost\gost2001_keyx.c">
      <Filter>engines\ccgost</Filter>
    </ClCompile>
    <ClCompile Include="engines\ccgost\gost89.c">
      <Filter>engines\ccgost</Filter>
    </ClCompile>
    <ClCompile Include="engines\ccgost\gost94_keyx.c">
      <Filter>engines\ccgost</Filter>
    </ClCompile>
    <ClCompile Include="engines\ccgost\gosthash.c">
      <Filter>engines\ccgost</Filter>
    </ClCompile>
    <ClCompile Include="engines\ccgost\gost_ameth.c">
      <Filter>engines\ccgost</Filter>
    </ClCompile>
    <ClCompile Include="engines\ccgost\gost_asn1.c">
      <Filter>engines\ccgost</Filter>
    </ClCompile>
    <ClCompile Include="engines\ccgost\gost_crypt.c">
      <Filter>engines\ccgost</Filter>
    </ClCompile>
    <ClCompile Include="engines\ccgost\gost_ctl.c">
      <Filter>engines\ccgost</Filter>
    </ClCompile>
    <ClCompile Include="engines\ccgost\gost_eng.c">
      <Filter>engines\ccgost</Filter>
    </ClCompile>
    <ClCompile Include="engines\ccgost\gost_keywrap.c">
      <Filter>engines\ccgost</Filter>
    </ClCompile>
    <ClCompile Include="engines\ccgost\gost_md.c">
      <Filter>engines\ccgost</Filter>
    </ClCompile>
    <ClCompile Include="engines\ccgost\gost_params.c">
      <Filter>engines\ccgost</Filter>
    </ClCompile>
    <ClCompile Include="engines\ccgost\gost_pmeth.c">
      <Filter>engines\ccgost</Filter>
    </ClCompile>
    <ClCompile Include="engines\ccgost\gost_sign.c">
      <Filter>engines\ccgost</Filter>
    </ClCompile>
    <ClCompile Include="ssl\bio_ssl.c">
      <Filter>ssl</Filter>
    </ClCompile>
    <ClCompile Include="ssl\d1_both.c">
      <Filter>ssl</Filter>
    </ClCompile>
    <ClCompile Include="ssl\d1_clnt.c">
      <Filter>ssl</Filter>
    </ClCompile>
    <ClCompile Include="ssl\d1_enc.c">
      <Filter>ssl</Filter>
    </ClCompile>
    <ClCompile Include="ssl\d1_lib.c">
      <Filter>ssl</Filter>
    </ClCompile>
    <ClCompile Include="ssl\d1_meth.c">
      <Filter>ssl</Filter>
    </ClCompile>
    <ClCompile Include="ssl\d1_pkt.c">
      <Filter>ssl</Filter>
    </ClCompile>
    <ClCompile Include="ssl\d1_srtp.c">
      <Filter>ssl</Filter>
    </ClCompile>
    <ClCompile Include="ssl\d1_srvr.c">
      <Filter>ssl</Filter>
    </ClCompile>
    <ClCompile Include="ssl\kssl.c">
      <Filter>ssl</Filter>
    </ClCompile>
    <ClCompile Include="ssl\s23_clnt.c">
      <Filter>ssl</Filter>
    </ClCompile>
    <ClCompile Include="ssl\s23_lib.c">
      <Filter>ssl</Filter>
    </ClCompile>
    <ClCompile Include="ssl\s23_meth.c">
      <Filter>ssl</Filter>
    </ClCompile>
    <ClCompile Include="ssl\s23_pkt.c">
      <Filter>ssl</Filter>
    </ClCompile>
    <ClCompile Include="ssl\s23_srvr.c">
      <Filter>ssl</Filter>
    </ClCompile>
    <ClCompile Include="ssl\s2_clnt.c">
      <Filter>ssl</Filter>
    </ClCompile>
    <ClCompile Include="ssl\s2_enc.c">
      <Filter>ssl</Filter>
    </ClCompile>
    <ClCompile Include="ssl\s2_lib.c">
      <Filter>ssl</Filter>
    </ClCompile>
    <ClCompile Include="ssl\s2_meth.c">
      <Filter>ssl</Filter>
    </ClCompile>
    <ClCompile Include="ssl\s2_pkt.c">
      <Filter>ssl</Filter>
    </ClCompile>
    <ClCompile Include="ssl\s2_srvr.c">
      <Filter>ssl</Filter>
    </ClCompile>
    <ClCompile Include="ssl\s3_both.c">
      <Filter>ssl</Filter>
    </ClCompile>
    <ClCompile Include="ssl\s3_clnt.c">
      <Filter>ssl</Filter>
    </ClCompile>
    <ClCompile Include="ssl\s3_enc.c">
      <Filter>ssl</Filter>
    </ClCompile>
    <ClCompile Include="ssl\s3_lib.c">
      <Filter>ssl</Filter>
    </ClCompile>
    <ClCompile Include="ssl\s3_meth.c">
      <Filter>ssl</Filter>
    </ClCompile>
    <ClCompile Include="ssl\s3_pkt.c">
      <Filter>ssl</Filter>
    </ClCompile>
    <ClCompile Include="ssl\s3_srvr.c">
      <Filter>ssl</Filter>
    </ClCompile>
    <ClCompile Include="ssl\ssl_algs.c">
      <Filter>ssl</Filter>
    </ClCompile>
    <ClCompile Include="ssl\ssl_asn1.c">
      <Filter>ssl</Filter>
    </ClCompile>
    <ClCompile Include="ssl\ssl_cert.c">
      <Filter>ssl</Filter>
    </ClCompile>
    <ClCompile Include="ssl\ssl_ciph.c">
      <Filter>ssl</Filter>
    </ClCompile>
    <ClCompile Include="ssl\ssl_err.c">
      <Filter>ssl</Filter>
    </ClCompile>
    <ClCompile Include="ssl\ssl_err2.c">
      <Filter>ssl</Filter>
    </ClCompile>
    <ClCompile Include="ssl\ssl_lib.c">
      <Filter>ssl</Filter>
    </ClCompile>
    <ClCompile Include="ssl\ssl_rsa.c">
      <Filter>ssl</Filter>
    </ClCompile>
    <ClCompile Include="ssl\ssl_sess.c">
      <Filter>ssl</Filter>
    </ClCompile>
    <ClCompile Include="ssl\ssl_stat.c">
      <Filter>ssl</Filter>
    </ClCompile>
    <ClCompile Include="ssl\ssl_txt.c">
      <Filter>ssl</Filter>
    </ClCompile>
    <ClCompile Include="ssl\t1_clnt.c">
      <Filter>ssl</Filter>
    </ClCompile>
    <ClCompile Include="ssl\t1_enc.c">
      <Filter>ssl</Filter>
    </ClCompile>
    <ClCompile Include="ssl\t1_lib.c">
      <Filter>ssl</Filter>
    </ClCompile>
    <ClCompile Include="ssl\t1_meth.c">
      <Filter>ssl</Filter>
    </ClCompile>
    <ClCompile Include="ssl\t1_reneg.c">
      <Filter>ssl</Filter>
    </ClCompile>
    <ClCompile Include="ssl\t1_srvr.c">
      <Filter>ssl</Filter>
    </ClCompile>
    <ClCompile Include="ssl\tls_srp.c">
      <Filter>ssl</Filter>
    </ClCompile>
    <ClCompile Include="ssl\s3_cbc.c">
      <Filter>ssl</Filter>
    </ClCompile>
  </ItemGroup>
  <ItemGroup>
    <ClInclude Include="include\openssl\opensslconf.h" />
  </ItemGroup>
</Project>