<?xml version="1.0" encoding="utf-8"?>
<Project ToolsVersion="4.0" xmlns="http://schemas.microsoft.com/developer/msbuild/2003">
  <ItemGroup>
    <Filter Include="sqlite">
      <UniqueIdentifier>{c2a3087f-c8b9-41f7-bc43-539702db411b}</UniqueIdentifier>
    </Filter>
  </ItemGroup>
  <ItemGroup>
    <ClInclude Include="sqlite\sqlite3.h">
      <Filter>sqlite</Filter>
    </ClInclude>
    <ClInclude Include="sqlite\sqlite3ext.h">
      <Filter>sqlite</Filter>
    </ClInclude>
  </ItemGroup>
  <ItemGroup>
    <ClCompile Include="sqlite\sqlite3.c">
      <Filter>sqlite</Filter>
    </ClCompile>
  </ItemGroup>
</Project>